// !$*UTF8*$!
{
	archiveVersion = 1;
	classes = {
	};
	objectVersion = 50;
	objects = {

/* Begin PBXBuildFile section */
		CBC7FC97268EC4E80040E91E /* AppDelegate.swift in Sources */ = {isa = PBXBuildFile; fileRef = CBC7FC96268EC4E80040E91E /* AppDelegate.swift */; };
		CBC7FC99268EC4E80040E91E /* SceneDelegate.swift in Sources */ = {isa = PBXBuildFile; fileRef = CBC7FC98268EC4E80040E91E /* SceneDelegate.swift */; };
		CBC7FC9B268EC4E80040E91E /* ViewController.swift in Sources */ = {isa = PBXBuildFile; fileRef = CBC7FC9A268EC4E80040E91E /* ViewController.swift */; };
		CBC7FC9E268EC4E80040E91E /* Main.storyboard in Resources */ = {isa = PBXBuildFile; fileRef = CBC7FC9C268EC4E80040E91E /* Main.storyboard */; };
		CBC7FCA0268EC4EB0040E91E /* Assets.xcassets in Resources */ = {isa = PBXBuildFile; fileRef = CBC7FC9F268EC4EB0040E91E /* Assets.xcassets */; };
		CBC7FCA3268EC4EB0040E91E /* LaunchScreen.storyboard in Resources */ = {isa = PBXBuildFile; fileRef = CBC7FCA1268EC4EB0040E91E /* LaunchScreen.storyboard */; };
		CBC7FCAE268EC4EB0040E91E /* ASN3Tests.swift in Sources */ = {isa = PBXBuildFile; fileRef = CBC7FCAD268EC4EB0040E91E /* ASN3Tests.swift */; };
		CBC7FCB9268EC4EB0040E91E /* ASN3UITests.swift in Sources */ = {isa = PBXBuildFile; fileRef = CBC7FCB8268EC4EB0040E91E /* ASN3UITests.swift */; };
/* End PBXBuildFile section */

/* Begin PBXContainerItemProxy section */
		CBC7FCAA268EC4EB0040E91E /* PBXContainerItemProxy */ = {
			isa = PBXContainerItemProxy;
			containerPortal = CBC7FC8B268EC4E80040E91E /* Project object */;
			proxyType = 1;
			remoteGlobalIDString = CBC7FC92268EC4E80040E91E;
			remoteInfo = ASN3;
		};
		CBC7FCB5268EC4EB0040E91E /* PBXContainerItemProxy */ = {
			isa = PBXContainerItemProxy;
			containerPortal = CBC7FC8B268EC4E80040E91E /* Project object */;
			proxyType = 1;
			remoteGlobalIDString = CBC7FC92268EC4E80040E91E;
			remoteInfo = ASN3;
		};
/* End PBXContainerItemProxy section */

/* Begin PBXFileReference section */
		CBC7FC93268EC4E80040E91E /* ASN3.app */ = {isa = PBXFileReference; explicitFileType = wrapper.application; includeInIndex = 0; path = ASN3.app; sourceTree = BUILT_PRODUCTS_DIR; };
		CBC7FC96268EC4E80040E91E /* AppDelegate.swift */ = {isa = PBXFileReference; lastKnownFileType = sourcecode.swift; path = AppDelegate.swift; sourceTree = "<group>"; };
		CBC7FC98268EC4E80040E91E /* SceneDelegate.swift */ = {isa = PBXFileReference; lastKnownFileType = sourcecode.swift; path = SceneDelegate.swift; sourceTree = "<group>"; };
		CBC7FC9A268EC4E80040E91E /* ViewController.swift */ = {isa = PBXFileReference; lastKnownFileType = sourcecode.swift; path = ViewController.swift; sourceTree = "<group>"; };
		CBC7FC9D268EC4E80040E91E /* Base */ = {isa = PBXFileReference; lastKnownFileType = file.storyboard; name = Base; path = Base.lproj/Main.storyboard; sourceTree = "<group>"; };
		CBC7FC9F268EC4EB0040E91E /* Assets.xcassets */ = {isa = PBXFileReference; lastKnownFileType = folder.assetcatalog; path = Assets.xcassets; sourceTree = "<group>"; };
		CBC7FCA2268EC4EB0040E91E /* Base */ = {isa = PBXFileReference; lastKnownFileType = file.storyboard; name = Base; path = Base.lproj/LaunchScreen.storyboard; sourceTree = "<group>"; };
		CBC7FCA4268EC4EB0040E91E /* Info.plist */ = {isa = PBXFileReference; lastKnownFileType = text.plist.xml; path = Info.plist; sourceTree = "<group>"; };
		CBC7FCA9268EC4EB0040E91E /* ASN3Tests.xctest */ = {isa = PBXFileReference; explicitFileType = wrapper.cfbundle; includeInIndex = 0; path = ASN3Tests.xctest; sourceTree = BUILT_PRODUCTS_DIR; };
		CBC7FCAD268EC4EB0040E91E /* ASN3Tests.swift */ = {isa = PBXFileReference; lastKnownFileType = sourcecode.swift; path = ASN3Tests.swift; sourceTree = "<group>"; };
		CBC7FCAF268EC4EB0040E91E /* Info.plist */ = {isa = PBXFileReference; lastKnownFileType = text.plist.xml; path = Info.plist; sourceTree = "<group>"; };
		CBC7FCB4268EC4EB0040E91E /* ASN3UITests.xctest */ = {isa = PBXFileReference; explicitFileType = wrapper.cfbundle; includeInIndex = 0; path = ASN3UITests.xctest; sourceTree = BUILT_PRODUCTS_DIR; };
		CBC7FCB8268EC4EB0040E91E /* ASN3UITests.swift */ = {isa = PBXFileReference; lastKnownFileType = sourcecode.swift; path = ASN3UITests.swift; sourceTree = "<group>"; };
		CBC7FCBA268EC4EB0040E91E /* Info.plist */ = {isa = PBXFileReference; lastKnownFileType = text.plist.xml; path = Info.plist; sourceTree = "<group>"; };
/* End PBXFileReference section */

/* Begin PBXFrameworksBuildPhase section */
		CBC7FC90268EC4E80040E91E /* Frameworks */ = {
			isa = PBXFrameworksBuildPhase;
			buildActionMask = 2147483647;
			files = (
			);
			runOnlyForDeploymentPostprocessing = 0;
		};
		CBC7FCA6268EC4EB0040E91E /* Frameworks */ = {
			isa = PBXFrameworksBuildPhase;
			buildActionMask = 2147483647;
			files = (
			);
			runOnlyForDeploymentPostprocessing = 0;
		};
		CBC7FCB1268EC4EB0040E91E /* Frameworks */ = {
			isa = PBXFrameworksBuildPhase;
			buildActionMask = 2147483647;
			files = (
			);
			runOnlyForDeploymentPostprocessing = 0;
		};
/* End PBXFrameworksBuildPhase section */

/* Begin PBXGroup section */
		CBC7FC8A268EC4E80040E91E = {
			isa = PBXGroup;
			children = (
				CBC7FCC9268EC4F40040E91E /* Supporting Files */,
				CBC7FC95268EC4E80040E91E /* ASN3 */,
				CBC7FCAC268EC4EB0040E91E /* ASN3Tests */,
				CBC7FCB7268EC4EB0040E91E /* ASN3UITests */,
				CBC7FC94268EC4E80040E91E /* Products */,
			);
			sourceTree = "<group>";
		};
		CBC7FC94268EC4E80040E91E /* Products */ = {
			isa = PBXGroup;
			children = (
				CBC7FC93268EC4E80040E91E /* ASN3.app */,
				CBC7FCA9268EC4EB0040E91E /* ASN3Tests.xctest */,
				CBC7FCB4268EC4EB0040E91E /* ASN3UITests.xctest */,
			);
			name = Products;
			sourceTree = "<group>";
		};
		CBC7FC95268EC4E80040E91E /* ASN3 */ = {
			isa = PBXGroup;
			children = (
				CBC7FC9A268EC4E80040E91E /* ViewController.swift */,
				CBC7FC9C268EC4E80040E91E /* Main.storyboard */,
				CBC7FCA4268EC4EB0040E91E /* Info.plist */,
			);
			path = ASN3;
			sourceTree = "<group>";
		};
		CBC7FCAC268EC4EB0040E91E /* ASN3Tests */ = {
			isa = PBXGroup;
			children = (
				CBC7FCAD268EC4EB0040E91E /* ASN3Tests.swift */,
				CBC7FCAF268EC4EB0040E91E /* Info.plist */,
			);
			path = ASN3Tests;
			sourceTree = "<group>";
		};
		CBC7FCB7268EC4EB0040E91E /* ASN3UITests */ = {
			isa = PBXGroup;
			children = (
				CBC7FCB8268EC4EB0040E91E /* ASN3UITests.swift */,
				CBC7FCBA268EC4EB0040E91E /* Info.plist */,
			);
			path = ASN3UITests;
			sourceTree = "<group>";
		};
		CBC7FCC9268EC4F40040E91E /* Supporting Files */ = {
			isa = PBXGroup;
			children = (
				CBC7FC96268EC4E80040E91E /* AppDelegate.swift */,
				CBC7FC98268EC4E80040E91E /* SceneDelegate.swift */,
				CBC7FC9F268EC4EB0040E91E /* Assets.xcassets */,
				CBC7FCA1268EC4EB0040E91E /* LaunchScreen.storyboard */,
			);
			name = "Supporting Files";
			sourceTree = "<group>";
		};
/* End PBXGroup section */

/* Begin PBXNativeTarget section */
		CBC7FC92268EC4E80040E91E /* ASN3 */ = {
			isa = PBXNativeTarget;
			buildConfigurationList = CBC7FCBD268EC4EB0040E91E /* Build configuration list for PBXNativeTarget "ASN3" */;
			buildPhases = (
				CBC7FC8F268EC4E80040E91E /* Sources */,
				CBC7FC90268EC4E80040E91E /* Frameworks */,
				CBC7FC91268EC4E80040E91E /* Resources */,
			);
			buildRules = (
			);
			dependencies = (
			);
			name = ASN3;
			productName = ASN3;
			productReference = CBC7FC93268EC4E80040E91E /* ASN3.app */;
			productType = "com.apple.product-type.application";
		};
		CBC7FCA8268EC4EB0040E91E /* ASN3Tests */ = {
			isa = PBXNativeTarget;
			buildConfigurationList = CBC7FCC0268EC4EB0040E91E /* Build configuration list for PBXNativeTarget "ASN3Tests" */;
			buildPhases = (
				CBC7FCA5268EC4EB0040E91E /* Sources */,
				CBC7FCA6268EC4EB0040E91E /* Frameworks */,
				CBC7FCA7268EC4EB0040E91E /* Resources */,
			);
			buildRules = (
			);
			dependencies = (
				CBC7FCAB268EC4EB0040E91E /* PBXTargetDependency */,
			);
			name = ASN3Tests;
			productName = ASN3Tests;
			productReference = CBC7FCA9268EC4EB0040E91E /* ASN3Tests.xctest */;
			productType = "com.apple.product-type.bundle.unit-test";
		};
		CBC7FCB3268EC4EB0040E91E /* ASN3UITests */ = {
			isa = PBXNativeTarget;
			buildConfigurationList = CBC7FCC3268EC4EB0040E91E /* Build configuration list for PBXNativeTarget "ASN3UITests" */;
			buildPhases = (
				CBC7FCB0268EC4EB0040E91E /* Sources */,
				CBC7FCB1268EC4EB0040E91E /* Frameworks */,
				CBC7FCB2268EC4EB0040E91E /* Resources */,
			);
			buildRules = (
			);
			dependencies = (
				CBC7FCB6268EC4EB0040E91E /* PBXTargetDependency */,
			);
			name = ASN3UITests;
			productName = ASN3UITests;
			productReference = CBC7FCB4268EC4EB0040E91E /* ASN3UITests.xctest */;
			productType = "com.apple.product-type.bundle.ui-testing";
		};
/* End PBXNativeTarget section */

/* Begin PBXProject section */
		CBC7FC8B268EC4E80040E91E /* Project object */ = {
			isa = PBXProject;
			attributes = {
				LastSwiftUpdateCheck = 1240;
				LastUpgradeCheck = 1240;
				TargetAttributes = {
					CBC7FC92268EC4E80040E91E = {
						CreatedOnToolsVersion = 12.4;
					};
					CBC7FCA8268EC4EB0040E91E = {
						CreatedOnToolsVersion = 12.4;
						TestTargetID = CBC7FC92268EC4E80040E91E;
					};
					CBC7FCB3268EC4EB0040E91E = {
						CreatedOnToolsVersion = 12.4;
						TestTargetID = CBC7FC92268EC4E80040E91E;
					};
				};
			};
			buildConfigurationList = CBC7FC8E268EC4E80040E91E /* Build configuration list for PBXProject "ASN3" */;
			compatibilityVersion = "Xcode 9.3";
			developmentRegion = en;
			hasScannedForEncodings = 0;
			knownRegions = (
				en,
				Base,
			);
			mainGroup = CBC7FC8A268EC4E80040E91E;
			productRefGroup = CBC7FC94268EC4E80040E91E /* Products */;
			projectDirPath = "";
			projectRoot = "";
			targets = (
				CBC7FC92268EC4E80040E91E /* ASN3 */,
				CBC7FCA8268EC4EB0040E91E /* ASN3Tests */,
				CBC7FCB3268EC4EB0040E91E /* ASN3UITests */,
			);
		};
/* End PBXProject section */

/* Begin PBXResourcesBuildPhase section */
		CBC7FC91268EC4E80040E91E /* Resources */ = {
			isa = PBXResourcesBuildPhase;
			buildActionMask = 2147483647;
			files = (
				CBC7FCA3268EC4EB0040E91E /* LaunchScreen.storyboard in Resources */,
				CBC7FCA0268EC4EB0040E91E /* Assets.xcassets in Resources */,
				CBC7FC9E268EC4E80040E91E /* Main.storyboard in Resources */,
			);
			runOnlyForDeploymentPostprocessing = 0;
		};
		CBC7FCA7268EC4EB0040E91E /* Resources */ = {
			isa = PBXResourcesBuildPhase;
			buildActionMask = 2147483647;
			files = (
			);
			runOnlyForDeploymentPostprocessing = 0;
		};
		CBC7FCB2268EC4EB0040E91E /* Resources */ = {
			isa = PBXResourcesBuildPhase;
			buildActionMask = 2147483647;
			files = (
			);
			runOnlyForDeploymentPostprocessing = 0;
		};
/* End PBXResourcesBuildPhase section */

/* Begin PBXSourcesBuildPhase section */
		CBC7FC8F268EC4E80040E91E /* Sources */ = {
			isa = PBXSourcesBuildPhase;
			buildActionMask = 2147483647;
			files = (
				CBC7FC9B268EC4E80040E91E /* ViewController.swift in Sources */,
				CBC7FC97268EC4E80040E91E /* AppDelegate.swift in Sources */,
				CBC7FC99268EC4E80040E91E /* SceneDelegate.swift in Sources */,
			);
			runOnlyForDeploymentPostprocessing = 0;
		};
		CBC7FCA5268EC4EB0040E91E /* Sources */ = {
			isa = PBXSourcesBuildPhase;
			buildActionMask = 2147483647;
			files = (
				CBC7FCAE268EC4EB0040E91E /* ASN3Tests.swift in Sources */,
			);
			runOnlyForDeploymentPostprocessing = 0;
		};
		CBC7FCB0268EC4EB0040E91E /* Sources */ = {
			isa = PBXSourcesBuildPhase;
			buildActionMask = 2147483647;
			files = (
				CBC7FCB9268EC4EB0040E91E /* ASN3UITests.swift in Sources */,
			);
			runOnlyForDeploymentPostprocessing = 0;
		};
/* End PBXSourcesBuildPhase section */

/* Begin PBXTargetDependency section */
		CBC7FCAB268EC4EB0040E91E /* PBXTargetDependency */ = {
			isa = PBXTargetDependency;
			target = CBC7FC92268EC4E80040E91E /* ASN3 */;
			targetProxy = CBC7FCAA268EC4EB0040E91E /* PBXContainerItemProxy */;
		};
		CBC7FCB6268EC4EB0040E91E /* PBXTargetDependency */ = {
			isa = PBXTargetDependency;
			target = CBC7FC92268EC4E80040E91E /* ASN3 */;
			targetProxy = CBC7FCB5268EC4EB0040E91E /* PBXContainerItemProxy */;
		};
/* End PBXTargetDependency section */

/* Begin PBXVariantGroup section */
		CBC7FC9C268EC4E80040E91E /* Main.storyboard */ = {
			isa = PBXVariantGroup;
			children = (
				CBC7FC9D268EC4E80040E91E /* Base */,
			);
			name = Main.storyboard;
			sourceTree = "<group>";
		};
		CBC7FCA1268EC4EB0040E91E /* LaunchScreen.storyboard */ = {
			isa = PBXVariantGroup;
			children = (
				CBC7FCA2268EC4EB0040E91E /* Base */,
			);
			name = LaunchScreen.storyboard;
			sourceTree = "<group>";
		};
/* End PBXVariantGroup section */

/* Begin XCBuildConfiguration section */
		CBC7FCBB268EC4EB0040E91E /* Debug */ = {
			isa = XCBuildConfiguration;
			buildSettings = {
				ALWAYS_SEARCH_USER_PATHS = NO;
				CLANG_ANALYZER_NONNULL = YES;
				CLANG_ANALYZER_NUMBER_OBJECT_CONVERSION = YES_AGGRESSIVE;
				CLANG_CXX_LANGUAGE_STANDARD = "gnu++14";
				CLANG_CXX_LIBRARY = "libc++";
				CLANG_ENABLE_MODULES = YES;
				CLANG_ENABLE_OBJC_ARC = YES;
				CLANG_ENABLE_OBJC_WEAK = YES;
				CLANG_WARN_BLOCK_CAPTURE_AUTORELEASING = YES;
				CLANG_WARN_BOOL_CONVERSION = YES;
				CLANG_WARN_COMMA = YES;
				CLANG_WARN_CONSTANT_CONVERSION = YES;
				CLANG_WARN_DEPRECATED_OBJC_IMPLEMENTATIONS = YES;
				CLANG_WARN_DIRECT_OBJC_ISA_USAGE = YES_ERROR;
				CLANG_WARN_DOCUMENTATION_COMMENTS = YES;
				CLANG_WARN_EMPTY_BODY = YES;
				CLANG_WARN_ENUM_CONVERSION = YES;
				CLANG_WARN_INFINITE_RECURSION = YES;
				CLANG_WARN_INT_CONVERSION = YES;
				CLANG_WARN_NON_LITERAL_NULL_CONVERSION = YES;
				CLANG_WARN_OBJC_IMPLICIT_RETAIN_SELF = YES;
				CLANG_WARN_OBJC_LITERAL_CONVERSION = YES;
				CLANG_WARN_OBJC_ROOT_CLASS = YES_ERROR;
				CLANG_WARN_QUOTED_INCLUDE_IN_FRAMEWORK_HEADER = YES;
				CLANG_WARN_RANGE_LOOP_ANALYSIS = YES;
				CLANG_WARN_STRICT_PROTOTYPES = YES;
				CLANG_WARN_SUSPICIOUS_MOVE = YES;
				CLANG_WARN_UNGUARDED_AVAILABILITY = YES_AGGRESSIVE;
				CLANG_WARN_UNREACHABLE_CODE = YES;
				CLANG_WARN__DUPLICATE_METHOD_MATCH = YES;
				COPY_PHASE_STRIP = NO;
				DEBUG_INFORMATION_FORMAT = dwarf;
				ENABLE_STRICT_OBJC_MSGSEND = YES;
				ENABLE_TESTABILITY = YES;
				GCC_C_LANGUAGE_STANDARD = gnu11;
				GCC_DYNAMIC_NO_PIC = NO;
				GCC_NO_COMMON_BLOCKS = YES;
				GCC_OPTIMIZATION_LEVEL = 0;
				GCC_PREPROCESSOR_DEFINITIONS = (
					"DEBUG=1",
					"$(inherited)",
				);
				GCC_WARN_64_TO_32_BIT_CONVERSION = YES;
				GCC_WARN_ABOUT_RETURN_TYPE = YES_ERROR;
				GCC_WARN_UNDECLARED_SELECTOR = YES;
				GCC_WARN_UNINITIALIZED_AUTOS = YES_AGGRESSIVE;
				GCC_WARN_UNUSED_FUNCTION = YES;
				GCC_WARN_UNUSED_VARIABLE = YES;
				IPHONEOS_DEPLOYMENT_TARGET = 14.4;
				MTL_ENABLE_DEBUG_INFO = INCLUDE_SOURCE;
				MTL_FAST_MATH = YES;
				ONLY_ACTIVE_ARCH = YES;
				SDKROOT = iphoneos;
				SWIFT_ACTIVE_COMPILATION_CONDITIONS = DEBUG;
				SWIFT_OPTIMIZATION_LEVEL = "-Onone";
			};
			name = Debug;
		};
		CBC7FCBC268EC4EB0040E91E /* Release */ = {
			isa = XCBuildConfiguration;
			buildSettings = {
				ALWAYS_SEARCH_USER_PATHS = NO;
				CLANG_ANALYZER_NONNULL = YES;
				CLANG_ANALYZER_NUMBER_OBJECT_CONVERSION = YES_AGGRESSIVE;
				CLANG_CXX_LANGUAGE_STANDARD = "gnu++14";
				CLANG_CXX_LIBRARY = "libc++";
				CLANG_ENABLE_MODULES = YES;
				CLANG_ENABLE_OBJC_ARC = YES;
				CLANG_ENABLE_OBJC_WEAK = YES;
				CLANG_WARN_BLOCK_CAPTURE_AUTORELEASING = YES;
				CLANG_WARN_BOOL_CONVERSION = YES;
				CLANG_WARN_COMMA = YES;
				CLANG_WARN_CONSTANT_CONVERSION = YES;
				CLANG_WARN_DEPRECATED_OBJC_IMPLEMENTATIONS = YES;
				CLANG_WARN_DIRECT_OBJC_ISA_USAGE = YES_ERROR;
				CLANG_WARN_DOCUMENTATION_COMMENTS = YES;
				CLANG_WARN_EMPTY_BODY = YES;
				CLANG_WARN_ENUM_CONVERSION = YES;
				CLANG_WARN_INFINITE_RECURSION = YES;
				CLANG_WARN_INT_CONVERSION = YES;
				CLANG_WARN_NON_LITERAL_NULL_CONVERSION = YES;
				CLANG_WARN_OBJC_IMPLICIT_RETAIN_SELF = YES;
				CLANG_WARN_OBJC_LITERAL_CONVERSION = YES;
				CLANG_WARN_OBJC_ROOT_CLASS = YES_ERROR;
				CLANG_WARN_QUOTED_INCLUDE_IN_FRAMEWORK_HEADER = YES;
				CLANG_WARN_RANGE_LOOP_ANALYSIS = YES;
				CLANG_WARN_STRICT_PROTOTYPES = YES;
				CLANG_WARN_SUSPICIOUS_MOVE = YES;
				CLANG_WARN_UNGUARDED_AVAILABILITY = YES_AGGRESSIVE;
				CLANG_WARN_UNREACHABLE_CODE = YES;
				CLANG_WARN__DUPLICATE_METHOD_MATCH = YES;
				COPY_PHASE_STRIP = NO;
				DEBUG_INFORMATION_FORMAT = "dwarf-with-dsym";
				ENABLE_NS_ASSERTIONS = NO;
				ENABLE_STRICT_OBJC_MSGSEND = YES;
				GCC_C_LANGUAGE_STANDARD = gnu11;
				GCC_NO_COMMON_BLOCKS = YES;
				GCC_WARN_64_TO_32_BIT_CONVERSION = YES;
				GCC_WARN_ABOUT_RETURN_TYPE = YES_ERROR;
				GCC_WARN_UNDECLARED_SELECTOR = YES;
				GCC_WARN_UNINITIALIZED_AUTOS = YES_AGGRESSIVE;
				GCC_WARN_UNUSED_FUNCTION = YES;
				GCC_WARN_UNUSED_VARIABLE = YES;
				IPHONEOS_DEPLOYMENT_TARGET = 14.4;
				MTL_ENABLE_DEBUG_INFO = NO;
				MTL_FAST_MATH = YES;
				SDKROOT = iphoneos;
				SWIFT_COMPILATION_MODE = wholemodule;
				SWIFT_OPTIMIZATION_LEVEL = "-O";
				VALIDATE_PRODUCT = YES;
			};
			name = Release;
		};
		CBC7FCBE268EC4EB0040E91E /* Debug */ = {
			isa = XCBuildConfiguration;
			buildSettings = {
				ASSETCATALOG_COMPILER_APPICON_NAME = AppIcon;
				ASSETCATALOG_COMPILER_GLOBAL_ACCENT_COLOR_NAME = AccentColor;
				CODE_SIGN_STYLE = Automatic;
				DEVELOPMENT_TEAM = A7PKZG36Y4;
				INFOPLIST_FILE = ASN3/Info.plist;
				LD_RUNPATH_SEARCH_PATHS = (
					"$(inherited)",
					"@executable_path/Frameworks",
				);
				PRODUCT_BUNDLE_IDENTIFIER = umsl.edu.ASN3;
				PRODUCT_NAME = "$(TARGET_NAME)";
				SWIFT_VERSION = 5.0;
				TARGETED_DEVICE_FAMILY = "1,2";
			};
			name = Debug;
		};
		CBC7FCBF268EC4EB0040E91E /* Release */ = {
			isa = XCBuildConfiguration;
			buildSettings = {
				ASSETCATALOG_COMPILER_APPICON_NAME = AppIcon;
				ASSETCATALOG_COMPILER_GLOBAL_ACCENT_COLOR_NAME = AccentColor;
				CODE_SIGN_STYLE = Automatic;
				DEVELOPMENT_TEAM = A7PKZG36Y4;
				INFOPLIST_FILE = ASN3/Info.plist;
				LD_RUNPATH_SEARCH_PATHS = (
					"$(inherited)",
					"@executable_path/Frameworks",
				);
				PRODUCT_BUNDLE_IDENTIFIER = umsl.edu.ASN3;
				PRODUCT_NAME = "$(TARGET_NAME)";
				SWIFT_VERSION = 5.0;
				TARGETED_DEVICE_FAMILY = "1,2";
			};
			name = Release;
		};
		CBC7FCC1268EC4EB0040E91E /* Debug */ = {
			isa = XCBuildConfiguration;
			buildSettings = {
				ALWAYS_EMBED_SWIFT_STANDARD_LIBRARIES = YES;
				BUNDLE_LOADER = "$(TEST_HOST)";
				CODE_SIGN_STYLE = Automatic;
				DEVELOPMENT_TEAM = A7PKZG36Y4;
				INFOPLIST_FILE = ASN3Tests/Info.plist;
				IPHONEOS_DEPLOYMENT_TARGET = 14.4;
				LD_RUNPATH_SEARCH_PATHS = (
					"$(inherited)",
					"@executable_path/Frameworks",
					"@loader_path/Frameworks",
				);
				PRODUCT_BUNDLE_IDENTIFIER = umsl.edu.ASN3Tests;
				PRODUCT_NAME = "$(TARGET_NAME)";
				SWIFT_VERSION = 5.0;
				TARGETED_DEVICE_FAMILY = "1,2";
				TEST_HOST = "$(BUILT_PRODUCTS_DIR)/ASN3.app/ASN3";
			};
			name = Debug;
		};
		CBC7FCC2268EC4EB0040E91E /* Release */ = {
			isa = XCBuildConfiguration;
			buildSettings = {
				ALWAYS_EMBED_SWIFT_STANDARD_LIBRARIES = YES;
				BUNDLE_LOADER = "$(TEST_HOST)";
				CODE_SIGN_STYLE = Automatic;
				DEVELOPMENT_TEAM = A7PKZG36Y4;
				INFOPLIST_FILE = ASN3Tests/Info.plist;
				IPHONEOS_DEPLOYMENT_TARGET = 14.4;
				LD_RUNPATH_SEARCH_PATHS = (
					"$(inherited)",
					"@executable_path/Frameworks",
					"@loader_path/Frameworks",
				);
				PRODUCT_BUNDLE_IDENTIFIER = umsl.edu.ASN3Tests;
				PRODUCT_NAME = "$(TARGET_NAME)";
				SWIFT_VERSION = 5.0;
				TARGETED_DEVICE_FAMILY = "1,2";
				TEST_HOST = "$(BUILT_PRODUCTS_DIR)/ASN3.app/ASN3";
			};
			name = Release;
		};
		CBC7FCC4268EC4EB0040E91E /* Debug */ = {
			isa = XCBuildConfiguration;
			buildSettings = {
				ALWAYS_EMBED_SWIFT_STANDARD_LIBRARIES = YES;
				CODE_SIGN_STYLE = Automatic;
				DEVELOPMENT_TEAM = A7PKZG36Y4;
				INFOPLIST_FILE = ASN3UITests/Info.plist;
				LD_RUNPATH_SEARCH_PATHS = (
					"$(inherited)",
					"@executable_path/Frameworks",
					"@loader_path/Frameworks",
				);
				PRODUCT_BUNDLE_IDENTIFIER = umsl.edu.ASN3UITests;
				PRODUCT_NAME = "$(TARGET_NAME)";
				SWIFT_VERSION = 5.0;
				TARGETED_DEVICE_FAMILY = "1,2";
				TEST_TARGET_NAME = ASN3;
			};
			name = Debug;
		};
		CBC7FCC5268EC4EB0040E91E /* Release */ = {
			isa = XCBuildConfiguration;
			buildSettings = {
				ALWAYS_EMBED_SWIFT_STANDARD_LIBRARIES = YES;
				CODE_SIGN_STYLE = Automatic;
				DEVELOPMENT_TEAM = A7PKZG36Y4;
				INFOPLIST_FILE = ASN3UITests/Info.plist;
				LD_RUNPATH_SEARCH_PATHS = (
					"$(inherited)",
					"@executable_path/Frameworks",
					"@loader_path/Frameworks",
				);
				PRODUCT_BUNDLE_IDENTIFIER = umsl.edu.ASN3UITests;
				PRODUCT_NAME = "$(TARGET_NAME)";
				SWIFT_VERSION = 5.0;
				TARGETED_DEVICE_FAMILY = "1,2";
				TEST_TARGET_NAME = ASN3;
			};
			name = Release;
		};
/* End XCBuildConfiguration section */

/* Begin XCConfigurationList section */
		CBC7FC8E268EC4E80040E91E /* Build configuration list for PBXProject "ASN3" */ = {
			isa = XCConfigurationList;
			buildConfigurations = (
				CBC7FCBB268EC4EB0040E91E /* Debug */,
				CBC7FCBC268EC4EB0040E91E /* Release */,
			);
			defaultConfigurationIsVisible = 0;
			defaultConfigurationName = Release;
		};
		CBC7FCBD268EC4EB0040E91E /* Build configuration list for PBXNativeTarget "ASN3" */ = {
			isa = XCConfigurationList;
			buildConfigurations = (
				CBC7FCBE268EC4EB0040E91E /* Debug */,
				CBC7FCBF268EC4EB0040E91E /* Release */,
			);
			defaultConfigurationIsVisible = 0;
			defaultConfigurationName = Release;
		};
		CBC7FCC0268EC4EB0040E91E /* Build configuration list for PBXNativeTarget "ASN3Tests" */ = {
			isa = XCConfigurationList;
			buildConfigurations = (
				CBC7FCC1268EC4EB0040E91E /* Debug */,
				CBC7FCC2268EC4EB0040E91E /* Release */,
			);
			defaultConfigurationIsVisible = 0;
			defaultConfigurationName = Release;
		};
		CBC7FCC3268EC4EB0040E91E /* Build configuration list for PBXNativeTarget "ASN3UITests" */ = {
			isa = XCConfigurationList;
			buildConfigurations = (
				CBC7FCC4268EC4EB0040E91E /* Debug */,
				CBC7FCC5268EC4EB0040E91E /* Release */,
			);
			defaultConfigurationIsVisible = 0;
			defaultConfigurationName = Release;
		};
/* End XCConfigurationList section */
	};
	rootObject = CBC7FC8B268EC4E80040E91E /* Project object */;
}
