// !$*UTF8*$!
{
	archiveVersion = 1;
	classes = {
	};
	objectVersion = 50;
	objects = {

/* Begin PBXBuildFile section */
		CBC7FCDD2693F28D0040E91E /* AppDelegate.swift in Sources */ = {isa = PBXBuildFile; fileRef = CBC7FCDC2693F28D0040E91E /* AppDelegate.swift */; };
		CBC7FCDF2693F28D0040E91E /* SceneDelegate.swift in Sources */ = {isa = PBXBuildFile; fileRef = CBC7FCDE2693F28D0040E91E /* SceneDelegate.swift */; };
		CBC7FCE12693F28D0040E91E /* ViewController.swift in Sources */ = {isa = PBXBuildFile; fileRef = CBC7FCE02693F28D0040E91E /* ViewController.swift */; };
		CBC7FCE42693F28D0040E91E /* Main.storyboard in Resources */ = {isa = PBXBuildFile; fileRef = CBC7FCE22693F28D0040E91E /* Main.storyboard */; };
		CBC7FCE62693F28F0040E91E /* Assets.xcassets in Resources */ = {isa = PBXBuildFile; fileRef = CBC7FCE52693F28F0040E91E /* Assets.xcassets */; };
		CBC7FCE92693F28F0040E91E /* LaunchScreen.storyboard in Resources */ = {isa = PBXBuildFile; fileRef = CBC7FCE72693F28F0040E91E /* LaunchScreen.storyboard */; };
/* End PBXBuildFile section */

/* Begin PBXFileReference section */
		CBC7FCD92693F28D0040E91E /* ASN4.app */ = {isa = PBXFileReference; explicitFileType = wrapper.application; includeInIndex = 0; path = ASN4.app; sourceTree = BUILT_PRODUCTS_DIR; };
		CBC7FCDC2693F28D0040E91E /* AppDelegate.swift */ = {isa = PBXFileReference; lastKnownFileType = sourcecode.swift; path = AppDelegate.swift; sourceTree = "<group>"; };
		CBC7FCDE2693F28D0040E91E /* SceneDelegate.swift */ = {isa = PBXFileReference; lastKnownFileType = sourcecode.swift; path = SceneDelegate.swift; sourceTree = "<group>"; };
		CBC7FCE02693F28D0040E91E /* ViewController.swift */ = {isa = PBXFileReference; lastKnownFileType = sourcecode.swift; path = ViewController.swift; sourceTree = "<group>"; };
		CBC7FCE32693F28D0040E91E /* Base */ = {isa = PBXFileReference; lastKnownFileType = file.storyboard; name = Base; path = Base.lproj/Main.storyboard; sourceTree = "<group>"; };
		CBC7FCE52693F28F0040E91E /* Assets.xcassets */ = {isa = PBXFileReference; lastKnownFileType = folder.assetcatalog; path = Assets.xcassets; sourceTree = "<group>"; };
		CBC7FCE82693F28F0040E91E /* Base */ = {isa = PBXFileReference; lastKnownFileType = file.storyboard; name = Base; path = Base.lproj/LaunchScreen.storyboard; sourceTree = "<group>"; };
		CBC7FCEA2693F28F0040E91E /* Info.plist */ = {isa = PBXFileReference; lastKnownFileType = text.plist.xml; path = Info.plist; sourceTree = "<group>"; };
/* End PBXFileReference section */

/* Begin PBXFrameworksBuildPhase section */
		CBC7FCD62693F28D0040E91E /* Frameworks */ = {
			isa = PBXFrameworksBuildPhase;
			buildActionMask = 2147483647;
			files = (
			);
			runOnlyForDeploymentPostprocessing = 0;
		};
/* End PBXFrameworksBuildPhase section */

/* Begin PBXGroup section */
		CBC7FCD02693F28D0040E91E = {
			isa = PBXGroup;
			children = (
				CBC7FCDB2693F28D0040E91E /* ASN4 */,
				CBC7FCDA2693F28D0040E91E /* Products */,
			);
			sourceTree = "<group>";
		};
		CBC7FCDA2693F28D0040E91E /* Products */ = {
			isa = PBXGroup;
			children = (
				CBC7FCD92693F28D0040E91E /* ASN4.app */,
			);
			name = Products;
			sourceTree = "<group>";
		};
		CBC7FCDB2693F28D0040E91E /* ASN4 */ = {
			isa = PBXGroup;
			children = (
				CBC7FCF12693F29D0040E91E /* Supporting Files */,
				CBC7FCE02693F28D0040E91E /* ViewController.swift */,
				CBC7FCE22693F28D0040E91E /* Main.storyboard */,
			);
			path = ASN4;
			sourceTree = "<group>";
		};
		CBC7FCF12693F29D0040E91E /* Supporting Files */ = {
			isa = PBXGroup;
			children = (
				CBC7FCDC2693F28D0040E91E /* AppDelegate.swift */,
				CBC7FCDE2693F28D0040E91E /* SceneDelegate.swift */,
				CBC7FCE52693F28F0040E91E /* Assets.xcassets */,
				CBC7FCE72693F28F0040E91E /* LaunchScreen.storyboard */,
				CBC7FCEA2693F28F0040E91E /* Info.plist */,
			);
			name = "Supporting Files";
			sourceTree = "<group>";
		};
/* End PBXGroup section */

/* Begin PBXNativeTarget section */
		CBC7FCD82693F28D0040E91E /* ASN4 */ = {
			isa = PBXNativeTarget;
			buildConfigurationList = CBC7FCED2693F28F0040E91E /* Build configuration list for PBXNativeTarget "ASN4" */;
			buildPhases = (
				CBC7FCD52693F28D0040E91E /* Sources */,
				CBC7FCD62693F28D0040E91E /* Frameworks */,
				CBC7FCD72693F28D0040E91E /* Resources */,
			);
			buildRules = (
			);
			dependencies = (
			);
			name = ASN4;
			productName = ASN4;
			productReference = CBC7FCD92693F28D0040E91E /* ASN4.app */;
			productType = "com.apple.product-type.application";
		};
/* End PBXNativeTarget section */

/* Begin PBXProject section */
		CBC7FCD12693F28D0040E91E /* Project object */ = {
			isa = PBXProject;
			attributes = {
				LastSwiftUpdateCheck = 1240;
				LastUpgradeCheck = 1240;
				TargetAttributes = {
					CBC7FCD82693F28D0040E91E = {
						CreatedOnToolsVersion = 12.4;
					};
				};
			};
			buildConfigurationList = CBC7FCD42693F28D0040E91E /* Build configuration list for PBXProject "ASN4" */;
			compatibilityVersion = "Xcode 9.3";
			developmentRegion = en;
			hasScannedForEncodings = 0;
			knownRegions = (
				en,
				Base,
			);
			mainGroup = CBC7FCD02693F28D0040E91E;
			productRefGroup = CBC7FCDA2693F28D0040E91E /* Products */;
			projectDirPath = "";
			projectRoot = "";
			targets = (
				CBC7FCD82693F28D0040E91E /* ASN4 */,
			);
		};
/* End PBXProject section */

/* Begin PBXResourcesBuildPhase section */
		CBC7FCD72693F28D0040E91E /* Resources */ = {
			isa = PBXResourcesBuildPhase;
			buildActionMask = 2147483647;
			files = (
				CBC7FCE92693F28F0040E91E /* LaunchScreen.storyboard in Resources */,
				CBC7FCE62693F28F0040E91E /* Assets.xcassets in Resources */,
				CBC7FCE42693F28D0040E91E /* Main.storyboard in Resources */,
			);
			runOnlyForDeploymentPostprocessing = 0;
		};
/* End PBXResourcesBuildPhase section */

/* Begin PBXSourcesBuildPhase section */
		CBC7FCD52693F28D0040E91E /* Sources */ = {
			isa = PBXSourcesBuildPhase;
			buildActionMask = 2147483647;
			files = (
				CBC7FCE12693F28D0040E91E /* ViewController.swift in Sources */,
				CBC7FCDD2693F28D0040E91E /* AppDelegate.swift in Sources */,
				CBC7FCDF2693F28D0040E91E /* SceneDelegate.swift in Sources */,
			);
			runOnlyForDeploymentPostprocessing = 0;
		};
/* End PBXSourcesBuildPhase section */

/* Begin PBXVariantGroup section */
		CBC7FCE22693F28D0040E91E /* Main.storyboard */ = {
			isa = PBXVariantGroup;
			children = (
				CBC7FCE32693F28D0040E91E /* Base */,
			);
			name = Main.storyboard;
			sourceTree = "<group>";
		};
		CBC7FCE72693F28F0040E91E /* LaunchScreen.storyboard */ = {
			isa = PBXVariantGroup;
			children = (
				CBC7FCE82693F28F0040E91E /* Base */,
			);
			name = LaunchScreen.storyboard;
			sourceTree = "<group>";
		};
/* End PBXVariantGroup section */

/* Begin XCBuildConfiguration section */
		CBC7FCEB2693F28F0040E91E /* Debug */ = {
			isa = XCBuildConfiguration;
			buildSettings = {
				ALWAYS_SEARCH_USER_PATHS = NO;
				CLANG_ANALYZER_NONNULL = YES;
				CLANG_ANALYZER_NUMBER_OBJECT_CONVERSION = YES_AGGRESSIVE;
				CLANG_CXX_LANGUAGE_STANDARD = "gnu++14";
				CLANG_CXX_LIBRARY = "libc++";
				CLANG_ENABLE_MODULES = YES;
				CLANG_ENABLE_OBJC_ARC = YES;
				CLANG_ENABLE_OBJC_WEAK = YES;
				CLANG_WARN_BLOCK_CAPTURE_AUTORELEASING = YES;
				CLANG_WARN_BOOL_CONVERSION = YES;
				CLANG_WARN_COMMA = YES;
				CLANG_WARN_CONSTANT_CONVERSION = YES;
				CLANG_WARN_DEPRECATED_OBJC_IMPLEMENTATIONS = YES;
				CLANG_WARN_DIRECT_OBJC_ISA_USAGE = YES_ERROR;
				CLANG_WARN_DOCUMENTATION_COMMENTS = YES;
				CLANG_WARN_EMPTY_BODY = YES;
				CLANG_WARN_ENUM_CONVERSION = YES;
				CLANG_WARN_INFINITE_RECURSION = YES;
				CLANG_WARN_INT_CONVERSION = YES;
				CLANG_WARN_NON_LITERAL_NULL_CONVERSION = YES;
				CLANG_WARN_OBJC_IMPLICIT_RETAIN_SELF = YES;
				CLANG_WARN_OBJC_LITERAL_CONVERSION = YES;
				CLANG_WARN_OBJC_ROOT_CLASS = YES_ERROR;
				CLANG_WARN_QUOTED_INCLUDE_IN_FRAMEWORK_HEADER = YES;
				CLANG_WARN_RANGE_LOOP_ANALYSIS = YES;
				CLANG_WARN_STRICT_PROTOTYPES = YES;
				CLANG_WARN_SUSPICIOUS_MOVE = YES;
				CLANG_WARN_UNGUARDED_AVAILABILITY = YES_AGGRESSIVE;
				CLANG_WARN_UNREACHABLE_CODE = YES;
				CLANG_WARN__DUPLICATE_METHOD_MATCH = YES;
				COPY_PHASE_STRIP = NO;
				DEBUG_INFORMATION_FORMAT = dwarf;
				ENABLE_STRICT_OBJC_MSGSEND = YES;
				ENABLE_TESTABILITY = YES;
				GCC_C_LANGUAGE_STANDARD = gnu11;
				GCC_DYNAMIC_NO_PIC = NO;
				GCC_NO_COMMON_BLOCKS = YES;
				GCC_OPTIMIZATION_LEVEL = 0;
				GCC_PREPROCESSOR_DEFINITIONS = (
					"DEBUG=1",
					"$(inherited)",
				);
				GCC_WARN_64_TO_32_BIT_CONVERSION = YES;
				GCC_WARN_ABOUT_RETURN_TYPE = YES_ERROR;
				GCC_WARN_UNDECLARED_SELECTOR = YES;
				GCC_WARN_UNINITIALIZED_AUTOS = YES_AGGRESSIVE;
				GCC_WARN_UNUSED_FUNCTION = YES;
				GCC_WARN_UNUSED_VARIABLE = YES;
				IPHONEOS_DEPLOYMENT_TARGET = 14.4;
				MTL_ENABLE_DEBUG_INFO = INCLUDE_SOURCE;
				MTL_FAST_MATH = YES;
				ONLY_ACTIVE_ARCH = YES;
				SDKROOT = iphoneos;
				SWIFT_ACTIVE_COMPILATION_CONDITIONS = DEBUG;
				SWIFT_OPTIMIZATION_LEVEL = "-Onone";
			};
			name = Debug;
		};
		CBC7FCEC2693F28F0040E91E /* Release */ = {
			isa = XCBuildConfiguration;
			buildSettings = {
				ALWAYS_SEARCH_USER_PATHS = NO;
				CLANG_ANALYZER_NONNULL = YES;
				CLANG_ANALYZER_NUMBER_OBJECT_CONVERSION = YES_AGGRESSIVE;
				CLANG_CXX_LANGUAGE_STANDARD = "gnu++14";
				CLANG_CXX_LIBRARY = "libc++";
				CLANG_ENABLE_MODULES = YES;
				CLANG_ENABLE_OBJC_ARC = YES;
				CLANG_ENABLE_OBJC_WEAK = YES;
				CLANG_WARN_BLOCK_CAPTURE_AUTORELEASING = YES;
				CLANG_WARN_BOOL_CONVERSION = YES;
				CLANG_WARN_COMMA = YES;
				CLANG_WARN_CONSTANT_CONVERSION = YES;
				CLANG_WARN_DEPRECATED_OBJC_IMPLEMENTATIONS = YES;
				CLANG_WARN_DIRECT_OBJC_ISA_USAGE = YES_ERROR;
				CLANG_WARN_DOCUMENTATION_COMMENTS = YES;
				CLANG_WARN_EMPTY_BODY = YES;
				CLANG_WARN_ENUM_CONVERSION = YES;
				CLANG_WARN_INFINITE_RECURSION = YES;
				CLANG_WARN_INT_CONVERSION = YES;
				CLANG_WARN_NON_LITERAL_NULL_CONVERSION = YES;
				CLANG_WARN_OBJC_IMPLICIT_RETAIN_SELF = YES;
				CLANG_WARN_OBJC_LITERAL_CONVERSION = YES;
				CLANG_WARN_OBJC_ROOT_CLASS = YES_ERROR;
				CLANG_WARN_QUOTED_INCLUDE_IN_FRAMEWORK_HEADER = YES;
				CLANG_WARN_RANGE_LOOP_ANALYSIS = YES;
				CLANG_WARN_STRICT_PROTOTYPES = YES;
				CLANG_WARN_SUSPICIOUS_MOVE = YES;
				CLANG_WARN_UNGUARDED_AVAILABILITY = YES_AGGRESSIVE;
				CLANG_WARN_UNREACHABLE_CODE = YES;
				CLANG_WARN__DUPLICATE_METHOD_MATCH = YES;
				COPY_PHASE_STRIP = NO;
				DEBUG_INFORMATION_FORMAT = "dwarf-with-dsym";
				ENABLE_NS_ASSERTIONS = NO;
				ENABLE_STRICT_OBJC_MSGSEND = YES;
				GCC_C_LANGUAGE_STANDARD = gnu11;
				GCC_NO_COMMON_BLOCKS = YES;
				GCC_WARN_64_TO_32_BIT_CONVERSION = YES;
				GCC_WARN_ABOUT_RETURN_TYPE = YES_ERROR;
				GCC_WARN_UNDECLARED_SELECTOR = YES;
				GCC_WARN_UNINITIALIZED_AUTOS = YES_AGGRESSIVE;
				GCC_WARN_UNUSED_FUNCTION = YES;
				GCC_WARN_UNUSED_VARIABLE = YES;
				IPHONEOS_DEPLOYMENT_TARGET = 14.4;
				MTL_ENABLE_DEBUG_INFO = NO;
				MTL_FAST_MATH = YES;
				SDKROOT = iphoneos;
				SWIFT_COMPILATION_MODE = wholemodule;
				SWIFT_OPTIMIZATION_LEVEL = "-O";
				VALIDATE_PRODUCT = YES;
			};
			name = Release;
		};
		CBC7FCEE2693F28F0040E91E /* Debug */ = {
			isa = XCBuildConfiguration;
			buildSettings = {
				ASSETCATALOG_COMPILER_APPICON_NAME = AppIcon;
				ASSETCATALOG_COMPILER_GLOBAL_ACCENT_COLOR_NAME = AccentColor;
				CODE_SIGN_STYLE = Automatic;
				DEVELOPMENT_TEAM = A7PKZG36Y4;
				INFOPLIST_FILE = ASN4/Info.plist;
				LD_RUNPATH_SEARCH_PATHS = (
					"$(inherited)",
					"@executable_path/Frameworks",
				);
				PRODUCT_BUNDLE_IDENTIFIER = umsl.edu.ASN4;
				PRODUCT_NAME = "$(TARGET_NAME)";
				SWIFT_VERSION = 5.0;
				TARGETED_DEVICE_FAMILY = "1,2";
			};
			name = Debug;
		};
		CBC7FCEF2693F28F0040E91E /* Release */ = {
			isa = XCBuildConfiguration;
			buildSettings = {
				ASSETCATALOG_COMPILER_APPICON_NAME = AppIcon;
				ASSETCATALOG_COMPILER_GLOBAL_ACCENT_COLOR_NAME = AccentColor;
				CODE_SIGN_STYLE = Automatic;
				DEVELOPMENT_TEAM = A7PKZG36Y4;
				INFOPLIST_FILE = ASN4/Info.plist;
				LD_RUNPATH_SEARCH_PATHS = (
					"$(inherited)",
					"@executable_path/Frameworks",
				);
				PRODUCT_BUNDLE_IDENTIFIER = umsl.edu.ASN4;
				PRODUCT_NAME = "$(TARGET_NAME)";
				SWIFT_VERSION = 5.0;
				TARGETED_DEVICE_FAMILY = "1,2";
			};
			name = Release;
		};
/* End XCBuildConfiguration section */

/* Begin XCConfigurationList section */
		CBC7FCD42693F28D0040E91E /* Build configuration list for PBXProject "ASN4" */ = {
			isa = XCConfigurationList;
			buildConfigurations = (
				CBC7FCEB2693F28F0040E91E /* Debug */,
				CBC7FCEC2693F28F0040E91E /* Release */,
			);
			defaultConfigurationIsVisible = 0;
			defaultConfigurationName = Release;
		};
		CBC7FCED2693F28F0040E91E /* Build configuration list for PBXNativeTarget "ASN4" */ = {
			isa = XCConfigurationList;
			buildConfigurations = (
				CBC7FCEE2693F28F0040E91E /* Debug */,
				CBC7FCEF2693F28F0040E91E /* Release */,
			);
			defaultConfigurationIsVisible = 0;
			defaultConfigurationName = Release;
		};
/* End XCConfigurationList section */
	};
	rootObject = CBC7FCD12693F28D0040E91E /* Project object */;
}
